// !$*UTF8*$!
{
	archiveVersion = 1;
	classes = {
	};
	objectVersion = 56;
	objects = {

/* Begin PBXBuildFile section */
		E751663C29D0B419003341FF /* MentorsApp.swift in Sources */ = {isa = PBXBuildFile; fileRef = E751663B29D0B419003341FF /* MentorsApp.swift */; };
		E751663E29D0B419003341FF /* ContentView.swift in Sources */ = {isa = PBXBuildFile; fileRef = E751663D29D0B419003341FF /* ContentView.swift */; };
		E751664029D0B41B003341FF /* Assets.xcassets in Resources */ = {isa = PBXBuildFile; fileRef = E751663F29D0B41B003341FF /* Assets.xcassets */; };
		E751664329D0B41B003341FF /* Preview Assets.xcassets in Resources */ = {isa = PBXBuildFile; fileRef = E751664229D0B41B003341FF /* Preview Assets.xcassets */; };
		E751664529D0B41B003341FF /* Persistence.swift in Sources */ = {isa = PBXBuildFile; fileRef = E751664429D0B41B003341FF /* Persistence.swift */; };
		E751664829D0B41B003341FF /* Mentors.xcdatamodeld in Sources */ = {isa = PBXBuildFile; fileRef = E751664629D0B41B003341FF /* Mentors.xcdatamodeld */; };
		E751665029D0B8C3003341FF /* LaunchScreen.storyboard in Resources */ = {isa = PBXBuildFile; fileRef = E751664F29D0B8C3003341FF /* LaunchScreen.storyboard */; };
		E751665229D0BE0D003341FF /* LogInView.swift in Sources */ = {isa = PBXBuildFile; fileRef = E751665129D0BE0D003341FF /* LogInView.swift */; };
		E751665E29D0C1D9003341FF /* Manrope-ExtraLight.otf in Resources */ = {isa = PBXBuildFile; fileRef = E751665729D0C1D7003341FF /* Manrope-ExtraLight.otf */; };
		E751665F29D0C1D9003341FF /* Manrope-ExtraBold.otf in Resources */ = {isa = PBXBuildFile; fileRef = E751665829D0C1D7003341FF /* Manrope-ExtraBold.otf */; };
		E751666029D0C1D9003341FF /* Manrope-Regular.otf in Resources */ = {isa = PBXBuildFile; fileRef = E751665929D0C1D8003341FF /* Manrope-Regular.otf */; };
		E751666129D0C1D9003341FF /* Manrope-SemiBold.otf in Resources */ = {isa = PBXBuildFile; fileRef = E751665A29D0C1D8003341FF /* Manrope-SemiBold.otf */; };
		E751666229D0C1D9003341FF /* Manrope-Medium.otf in Resources */ = {isa = PBXBuildFile; fileRef = E751665B29D0C1D9003341FF /* Manrope-Medium.otf */; };
		E751666329D0C1D9003341FF /* Manrope-Bold.otf in Resources */ = {isa = PBXBuildFile; fileRef = E751665C29D0C1D9003341FF /* Manrope-Bold.otf */; };
		E751666429D0C1D9003341FF /* Manrope-Light.otf in Resources */ = {isa = PBXBuildFile; fileRef = E751665D29D0C1D9003341FF /* Manrope-Light.otf */; };
		E79A0C5D29D606600059A33E /* Registration.swift in Sources */ = {isa = PBXBuildFile; fileRef = E79A0C5C29D606600059A33E /* Registration.swift */; };
		E79C6B8729D9E49B007C9722 /* RegistrationSecondView.swift in Sources */ = {isa = PBXBuildFile; fileRef = E79C6B8629D9E49B007C9722 /* RegistrationSecondView.swift */; };
		E79C6B8929D9EAA5007C9722 /* MainView.swift in Sources */ = {isa = PBXBuildFile; fileRef = E79C6B8829D9EAA5007C9722 /* MainView.swift */; };
		E7A50C2029E88CBB00AE9C60 /* Route.swift in Sources */ = {isa = PBXBuildFile; fileRef = E7A50C1F29E88CBB00AE9C60 /* Route.swift */; };
		E7E9220E29DDE6DB003E5079 /* AppFonts.swift in Sources */ = {isa = PBXBuildFile; fileRef = E7E9220D29DDE6DB003E5079 /* AppFonts.swift */; };
		E7E9221029DDEE92003E5079 /* SmallRegistrationButtons.swift in Sources */ = {isa = PBXBuildFile; fileRef = E7E9220F29DDEE92003E5079 /* SmallRegistrationButtons.swift */; };
		E7E9221229DDEEED003E5079 /* AppColors.swift in Sources */ = {isa = PBXBuildFile; fileRef = E7E9221129DDEEED003E5079 /* AppColors.swift */; };
		E7E9221429DDF912003E5079 /* TopText.swift in Sources */ = {isa = PBXBuildFile; fileRef = E7E9221329DDF912003E5079 /* TopText.swift */; };
		E7F4651F29DDE1FC00605DE2 /* AppButtonsView.swift in Sources */ = {isa = PBXBuildFile; fileRef = E7F4651E29DDE1FC00605DE2 /* AppButtonsView.swift */; };
		E7F4652229DDE34C00605DE2 /* AppText.swift in Sources */ = {isa = PBXBuildFile; fileRef = E7F4652129DDE34C00605DE2 /* AppText.swift */; };
/* End PBXBuildFile section */

/* Begin PBXFileReference section */
		E751663829D0B419003341FF /* Mentors.app */ = {isa = PBXFileReference; explicitFileType = wrapper.application; includeInIndex = 0; path = Mentors.app; sourceTree = BUILT_PRODUCTS_DIR; };
		E751663B29D0B419003341FF /* MentorsApp.swift */ = {isa = PBXFileReference; lastKnownFileType = sourcecode.swift; path = MentorsApp.swift; sourceTree = "<group>"; };
		E751663D29D0B419003341FF /* ContentView.swift */ = {isa = PBXFileReference; lastKnownFileType = sourcecode.swift; path = ContentView.swift; sourceTree = "<group>"; };
		E751663F29D0B41B003341FF /* Assets.xcassets */ = {isa = PBXFileReference; lastKnownFileType = folder.assetcatalog; path = Assets.xcassets; sourceTree = "<group>"; };
		E751664229D0B41B003341FF /* Preview Assets.xcassets */ = {isa = PBXFileReference; lastKnownFileType = folder.assetcatalog; path = "Preview Assets.xcassets"; sourceTree = "<group>"; };
		E751664429D0B41B003341FF /* Persistence.swift */ = {isa = PBXFileReference; lastKnownFileType = sourcecode.swift; path = Persistence.swift; sourceTree = "<group>"; };
		E751664729D0B41B003341FF /* Mentors.xcdatamodel */ = {isa = PBXFileReference; lastKnownFileType = wrapper.xcdatamodel; path = Mentors.xcdatamodel; sourceTree = "<group>"; };
		E751664F29D0B8C3003341FF /* LaunchScreen.storyboard */ = {isa = PBXFileReference; lastKnownFileType = file.storyboard; path = LaunchScreen.storyboard; sourceTree = "<group>"; };
		E751665129D0BE0D003341FF /* LogInView.swift */ = {isa = PBXFileReference; lastKnownFileType = sourcecode.swift; path = LogInView.swift; sourceTree = "<group>"; };
		E751665529D0BF7D003341FF /* Info.plist */ = {isa = PBXFileReference; lastKnownFileType = text.plist; path = Info.plist; sourceTree = "<group>"; };
		E751665729D0C1D7003341FF /* Manrope-ExtraLight.otf */ = {isa = PBXFileReference; lastKnownFileType = file; path = "Manrope-ExtraLight.otf"; sourceTree = "<group>"; };
		E751665829D0C1D7003341FF /* Manrope-ExtraBold.otf */ = {isa = PBXFileReference; lastKnownFileType = file; path = "Manrope-ExtraBold.otf"; sourceTree = "<group>"; };
		E751665929D0C1D8003341FF /* Manrope-Regular.otf */ = {isa = PBXFileReference; lastKnownFileType = file; path = "Manrope-Regular.otf"; sourceTree = "<group>"; };
		E751665A29D0C1D8003341FF /* Manrope-SemiBold.otf */ = {isa = PBXFileReference; lastKnownFileType = file; path = "Manrope-SemiBold.otf"; sourceTree = "<group>"; };
		E751665B29D0C1D9003341FF /* Manrope-Medium.otf */ = {isa = PBXFileReference; lastKnownFileType = file; path = "Manrope-Medium.otf"; sourceTree = "<group>"; };
		E751665C29D0C1D9003341FF /* Manrope-Bold.otf */ = {isa = PBXFileReference; lastKnownFileType = file; path = "Manrope-Bold.otf"; sourceTree = "<group>"; };
		E751665D29D0C1D9003341FF /* Manrope-Light.otf */ = {isa = PBXFileReference; lastKnownFileType = file; path = "Manrope-Light.otf"; sourceTree = "<group>"; };
		E79A0C5C29D606600059A33E /* Registration.swift */ = {isa = PBXFileReference; lastKnownFileType = sourcecode.swift; path = Registration.swift; sourceTree = "<group>"; };
		E79C6B8629D9E49B007C9722 /* RegistrationSecondView.swift */ = {isa = PBXFileReference; lastKnownFileType = sourcecode.swift; path = RegistrationSecondView.swift; sourceTree = "<group>"; };
		E79C6B8829D9EAA5007C9722 /* MainView.swift */ = {isa = PBXFileReference; lastKnownFileType = sourcecode.swift; path = MainView.swift; sourceTree = "<group>"; };
		E7A50C1F29E88CBB00AE9C60 /* Route.swift */ = {isa = PBXFileReference; lastKnownFileType = sourcecode.swift; path = Route.swift; sourceTree = "<group>"; };
		E7E9220D29DDE6DB003E5079 /* AppFonts.swift */ = {isa = PBXFileReference; lastKnownFileType = sourcecode.swift; path = AppFonts.swift; sourceTree = "<group>"; };
		E7E9220F29DDEE92003E5079 /* SmallRegistrationButtons.swift */ = {isa = PBXFileReference; lastKnownFileType = sourcecode.swift; path = SmallRegistrationButtons.swift; sourceTree = "<group>"; };
		E7E9221129DDEEED003E5079 /* AppColors.swift */ = {isa = PBXFileReference; lastKnownFileType = sourcecode.swift; path = AppColors.swift; sourceTree = "<group>"; };
		E7E9221329DDF912003E5079 /* TopText.swift */ = {isa = PBXFileReference; lastKnownFileType = sourcecode.swift; path = TopText.swift; sourceTree = "<group>"; };
		E7F4651E29DDE1FC00605DE2 /* AppButtonsView.swift */ = {isa = PBXFileReference; lastKnownFileType = sourcecode.swift; path = AppButtonsView.swift; sourceTree = "<group>"; };
		E7F4652129DDE34C00605DE2 /* AppText.swift */ = {isa = PBXFileReference; lastKnownFileType = sourcecode.swift; path = AppText.swift; sourceTree = "<group>"; };
/* End PBXFileReference section */

/* Begin PBXFrameworksBuildPhase section */
		E751663529D0B419003341FF /* Frameworks */ = {
			isa = PBXFrameworksBuildPhase;
			buildActionMask = 2147483647;
			files = (
			);
			runOnlyForDeploymentPostprocessing = 0;
		};
/* End PBXFrameworksBuildPhase section */

/* Begin PBXGroup section */
		E751662F29D0B419003341FF = {
			isa = PBXGroup;
			children = (
				E751663A29D0B419003341FF /* Mentors */,
				E751663929D0B419003341FF /* Products */,
			);
			sourceTree = "<group>";
		};
		E751663929D0B419003341FF /* Products */ = {
			isa = PBXGroup;
			children = (
				E751663829D0B419003341FF /* Mentors.app */,
			);
			name = Products;
			sourceTree = "<group>";
		};
		E751663A29D0B419003341FF /* Mentors */ = {
			isa = PBXGroup;
			children = (
				E7A50C1E29E88C9C00AE9C60 /* Routing */,
				E7F4652029DDE25600605DE2 /* Localization */,
				E751665629D0C1C2003341FF /* Fonts */,
				E751665529D0BF7D003341FF /* Info.plist */,
				E751664E29D0B8AA003341FF /* View */,
				E751663B29D0B419003341FF /* MentorsApp.swift */,
				E751663D29D0B419003341FF /* ContentView.swift */,
				E751663F29D0B41B003341FF /* Assets.xcassets */,
				E751664429D0B41B003341FF /* Persistence.swift */,
				E751664629D0B41B003341FF /* Mentors.xcdatamodeld */,
				E751664129D0B41B003341FF /* Preview Content */,
			);
			path = Mentors;
			sourceTree = "<group>";
		};
		E751664129D0B41B003341FF /* Preview Content */ = {
			isa = PBXGroup;
			children = (
				E751664229D0B41B003341FF /* Preview Assets.xcassets */,
			);
			path = "Preview Content";
			sourceTree = "<group>";
		};
		E751664E29D0B8AA003341FF /* View */ = {
			isa = PBXGroup;
			children = (
				E7F4651D29DDE1D300605DE2 /* ViewModels */,
				E751664F29D0B8C3003341FF /* LaunchScreen.storyboard */,
				E751665129D0BE0D003341FF /* LogInView.swift */,
				E79A0C5C29D606600059A33E /* Registration.swift */,
				E79C6B8629D9E49B007C9722 /* RegistrationSecondView.swift */,
				E79C6B8829D9EAA5007C9722 /* MainView.swift */,
			);
			path = View;
			sourceTree = "<group>";
		};
		E751665629D0C1C2003341FF /* Fonts */ = {
			isa = PBXGroup;
			children = (
				E751665C29D0C1D9003341FF /* Manrope-Bold.otf */,
				E751665829D0C1D7003341FF /* Manrope-ExtraBold.otf */,
				E751665729D0C1D7003341FF /* Manrope-ExtraLight.otf */,
				E751665D29D0C1D9003341FF /* Manrope-Light.otf */,
				E751665B29D0C1D9003341FF /* Manrope-Medium.otf */,
				E751665929D0C1D8003341FF /* Manrope-Regular.otf */,
				E751665A29D0C1D8003341FF /* Manrope-SemiBold.otf */,
			);
			path = Fonts;
			sourceTree = "<group>";
		};
		E7A50C1E29E88C9C00AE9C60 /* Routing */ = {
			isa = PBXGroup;
			children = (
				E7A50C1F29E88CBB00AE9C60 /* Route.swift */,
			);
			path = Routing;
			sourceTree = "<group>";
		};
		E7F4651D29DDE1D300605DE2 /* ViewModels */ = {
			isa = PBXGroup;
			children = (
				E7F4651E29DDE1FC00605DE2 /* AppButtonsView.swift */,
				E7E9220F29DDEE92003E5079 /* SmallRegistrationButtons.swift */,
				E7E9221329DDF912003E5079 /* TopText.swift */,
			);
			path = ViewModels;
			sourceTree = "<group>";
		};
		E7F4652029DDE25600605DE2 /* Localization */ = {
			isa = PBXGroup;
			children = (
				E7F4652129DDE34C00605DE2 /* AppText.swift */,
				E7E9220D29DDE6DB003E5079 /* AppFonts.swift */,
				E7E9221129DDEEED003E5079 /* AppColors.swift */,
			);
			path = Localization;
			sourceTree = "<group>";
		};
/* End PBXGroup section */

/* Begin PBXNativeTarget section */
		E751663729D0B419003341FF /* Mentors */ = {
			isa = PBXNativeTarget;
			buildConfigurationList = E751664B29D0B41B003341FF /* Build configuration list for PBXNativeTarget "Mentors" */;
			buildPhases = (
				E751663429D0B419003341FF /* Sources */,
				E751663529D0B419003341FF /* Frameworks */,
				E751663629D0B419003341FF /* Resources */,
			);
			buildRules = (
			);
			dependencies = (
			);
			name = Mentors;
			productName = Mentors;
			productReference = E751663829D0B419003341FF /* Mentors.app */;
			productType = "com.apple.product-type.application";
		};
/* End PBXNativeTarget section */

/* Begin PBXProject section */
		E751663029D0B419003341FF /* Project object */ = {
			isa = PBXProject;
			attributes = {
				BuildIndependentTargetsInParallel = 1;
				LastSwiftUpdateCheck = 1400;
				LastUpgradeCheck = 1400;
				TargetAttributes = {
					E751663729D0B419003341FF = {
						CreatedOnToolsVersion = 14.0;
					};
				};
			};
			buildConfigurationList = E751663329D0B419003341FF /* Build configuration list for PBXProject "Mentors" */;
			compatibilityVersion = "Xcode 14.0";
			developmentRegion = en;
			hasScannedForEncodings = 0;
			knownRegions = (
				en,
				Base,
			);
			mainGroup = E751662F29D0B419003341FF;
			productRefGroup = E751663929D0B419003341FF /* Products */;
			projectDirPath = "";
			projectRoot = "";
			targets = (
				E751663729D0B419003341FF /* Mentors */,
			);
		};
/* End PBXProject section */

/* Begin PBXResourcesBuildPhase section */
		E751663629D0B419003341FF /* Resources */ = {
			isa = PBXResourcesBuildPhase;
			buildActionMask = 2147483647;
			files = (
				E751665F29D0C1D9003341FF /* Manrope-ExtraBold.otf in Resources */,
				E751666229D0C1D9003341FF /* Manrope-Medium.otf in Resources */,
				E751665E29D0C1D9003341FF /* Manrope-ExtraLight.otf in Resources */,
				E751665029D0B8C3003341FF /* LaunchScreen.storyboard in Resources */,
				E751664329D0B41B003341FF /* Preview Assets.xcassets in Resources */,
				E751666129D0C1D9003341FF /* Manrope-SemiBold.otf in Resources */,
				E751666329D0C1D9003341FF /* Manrope-Bold.otf in Resources */,
				E751664029D0B41B003341FF /* Assets.xcassets in Resources */,
				E751666029D0C1D9003341FF /* Manrope-Regular.otf in Resources */,
				E751666429D0C1D9003341FF /* Manrope-Light.otf in Resources */,
			);
			runOnlyForDeploymentPostprocessing = 0;
		};
/* End PBXResourcesBuildPhase section */

/* Begin PBXSourcesBuildPhase section */
		E751663429D0B419003341FF /* Sources */ = {
			isa = PBXSourcesBuildPhase;
			buildActionMask = 2147483647;
			files = (
				E751665229D0BE0D003341FF /* LogInView.swift in Sources */,
				E79C6B8929D9EAA5007C9722 /* MainView.swift in Sources */,
				E7E9221429DDF912003E5079 /* TopText.swift in Sources */,
				E7A50C2029E88CBB00AE9C60 /* Route.swift in Sources */,
				E751664829D0B41B003341FF /* Mentors.xcdatamodeld in Sources */,
				E751664529D0B41B003341FF /* Persistence.swift in Sources */,
				E7E9221029DDEE92003E5079 /* SmallRegistrationButtons.swift in Sources */,
				E79C6B8729D9E49B007C9722 /* RegistrationSecondView.swift in Sources */,
				E751663E29D0B419003341FF /* ContentView.swift in Sources */,
				E7F4652229DDE34C00605DE2 /* AppText.swift in Sources */,
				E7E9221229DDEEED003E5079 /* AppColors.swift in Sources */,
				E79A0C5D29D606600059A33E /* Registration.swift in Sources */,
				E7E9220E29DDE6DB003E5079 /* AppFonts.swift in Sources */,
				E751663C29D0B419003341FF /* MentorsApp.swift in Sources */,
				E7F4651F29DDE1FC00605DE2 /* AppButtonsView.swift in Sources */,
			);
			runOnlyForDeploymentPostprocessing = 0;
		};
/* End PBXSourcesBuildPhase section */

/* Begin XCBuildConfiguration section */
		E751664929D0B41B003341FF /* Debug */ = {
			isa = XCBuildConfiguration;
			buildSettings = {
				ALWAYS_SEARCH_USER_PATHS = NO;
				CLANG_ANALYZER_NONNULL = YES;
				CLANG_ANALYZER_NUMBER_OBJECT_CONVERSION = YES_AGGRESSIVE;
				CLANG_CXX_LANGUAGE_STANDARD = "gnu++20";
				CLANG_ENABLE_MODULES = YES;
				CLANG_ENABLE_OBJC_ARC = YES;
				CLANG_ENABLE_OBJC_WEAK = YES;
				CLANG_WARN_BLOCK_CAPTURE_AUTORELEASING = YES;
				CLANG_WARN_BOOL_CONVERSION = YES;
				CLANG_WARN_COMMA = YES;
				CLANG_WARN_CONSTANT_CONVERSION = YES;
				CLANG_WARN_DEPRECATED_OBJC_IMPLEMENTATIONS = YES;
				CLANG_WARN_DIRECT_OBJC_ISA_USAGE = YES_ERROR;
				CLANG_WARN_DOCUMENTATION_COMMENTS = YES;
				CLANG_WARN_EMPTY_BODY = YES;
				CLANG_WARN_ENUM_CONVERSION = YES;
				CLANG_WARN_INFINITE_RECURSION = YES;
				CLANG_WARN_INT_CONVERSION = YES;
				CLANG_WARN_NON_LITERAL_NULL_CONVERSION = YES;
				CLANG_WARN_OBJC_IMPLICIT_RETAIN_SELF = YES;
				CLANG_WARN_OBJC_LITERAL_CONVERSION = YES;
				CLANG_WARN_OBJC_ROOT_CLASS = YES_ERROR;
				CLANG_WARN_QUOTED_INCLUDE_IN_FRAMEWORK_HEADER = YES;
				CLANG_WARN_RANGE_LOOP_ANALYSIS = YES;
				CLANG_WARN_STRICT_PROTOTYPES = YES;
				CLANG_WARN_SUSPICIOUS_MOVE = YES;
				CLANG_WARN_UNGUARDED_AVAILABILITY = YES_AGGRESSIVE;
				CLANG_WARN_UNREACHABLE_CODE = YES;
				CLANG_WARN__DUPLICATE_METHOD_MATCH = YES;
				COPY_PHASE_STRIP = NO;
				DEBUG_INFORMATION_FORMAT = dwarf;
				ENABLE_STRICT_OBJC_MSGSEND = YES;
				ENABLE_TESTABILITY = YES;
				GCC_C_LANGUAGE_STANDARD = gnu11;
				GCC_DYNAMIC_NO_PIC = NO;
				GCC_NO_COMMON_BLOCKS = YES;
				GCC_OPTIMIZATION_LEVEL = 0;
				GCC_PREPROCESSOR_DEFINITIONS = (
					"DEBUG=1",
					"$(inherited)",
				);
				GCC_WARN_64_TO_32_BIT_CONVERSION = YES;
				GCC_WARN_ABOUT_RETURN_TYPE = YES_ERROR;
				GCC_WARN_UNDECLARED_SELECTOR = YES;
				GCC_WARN_UNINITIALIZED_AUTOS = YES_AGGRESSIVE;
				GCC_WARN_UNUSED_FUNCTION = YES;
				GCC_WARN_UNUSED_VARIABLE = YES;
				IPHONEOS_DEPLOYMENT_TARGET = 16.0;
				MTL_ENABLE_DEBUG_INFO = INCLUDE_SOURCE;
				MTL_FAST_MATH = YES;
				ONLY_ACTIVE_ARCH = YES;
				SDKROOT = iphoneos;
				SWIFT_ACTIVE_COMPILATION_CONDITIONS = DEBUG;
				SWIFT_OPTIMIZATION_LEVEL = "-Onone";
			};
			name = Debug;
		};
		E751664A29D0B41B003341FF /* Release */ = {
			isa = XCBuildConfiguration;
			buildSettings = {
				ALWAYS_SEARCH_USER_PATHS = NO;
				CLANG_ANALYZER_NONNULL = YES;
				CLANG_ANALYZER_NUMBER_OBJECT_CONVERSION = YES_AGGRESSIVE;
				CLANG_CXX_LANGUAGE_STANDARD = "gnu++20";
				CLANG_ENABLE_MODULES = YES;
				CLANG_ENABLE_OBJC_ARC = YES;
				CLANG_ENABLE_OBJC_WEAK = YES;
				CLANG_WARN_BLOCK_CAPTURE_AUTORELEASING = YES;
				CLANG_WARN_BOOL_CONVERSION = YES;
				CLANG_WARN_COMMA = YES;
				CLANG_WARN_CONSTANT_CONVERSION = YES;
				CLANG_WARN_DEPRECATED_OBJC_IMPLEMENTATIONS = YES;
				CLANG_WARN_DIRECT_OBJC_ISA_USAGE = YES_ERROR;
				CLANG_WARN_DOCUMENTATION_COMMENTS = YES;
				CLANG_WARN_EMPTY_BODY = YES;
				CLANG_WARN_ENUM_CONVERSION = YES;
				CLANG_WARN_INFINITE_RECURSION = YES;
				CLANG_WARN_INT_CONVERSION = YES;
				CLANG_WARN_NON_LITERAL_NULL_CONVERSION = YES;
				CLANG_WARN_OBJC_IMPLICIT_RETAIN_SELF = YES;
				CLANG_WARN_OBJC_LITERAL_CONVERSION = YES;
				CLANG_WARN_OBJC_ROOT_CLASS = YES_ERROR;
				CLANG_WARN_QUOTED_INCLUDE_IN_FRAMEWORK_HEADER = YES;
				CLANG_WARN_RANGE_LOOP_ANALYSIS = YES;
				CLANG_WARN_STRICT_PROTOTYPES = YES;
				CLANG_WARN_SUSPICIOUS_MOVE = YES;
				CLANG_WARN_UNGUARDED_AVAILABILITY = YES_AGGRESSIVE;
				CLANG_WARN_UNREACHABLE_CODE = YES;
				CLANG_WARN__DUPLICATE_METHOD_MATCH = YES;
				COPY_PHASE_STRIP = NO;
				DEBUG_INFORMATION_FORMAT = "dwarf-with-dsym";
				ENABLE_NS_ASSERTIONS = NO;
				ENABLE_STRICT_OBJC_MSGSEND = YES;
				GCC_C_LANGUAGE_STANDARD = gnu11;
				GCC_NO_COMMON_BLOCKS = YES;
				GCC_WARN_64_TO_32_BIT_CONVERSION = YES;
				GCC_WARN_ABOUT_RETURN_TYPE = YES_ERROR;
				GCC_WARN_UNDECLARED_SELECTOR = YES;
				GCC_WARN_UNINITIALIZED_AUTOS = YES_AGGRESSIVE;
				GCC_WARN_UNUSED_FUNCTION = YES;
				GCC_WARN_UNUSED_VARIABLE = YES;
				IPHONEOS_DEPLOYMENT_TARGET = 16.0;
				MTL_ENABLE_DEBUG_INFO = NO;
				MTL_FAST_MATH = YES;
				SDKROOT = iphoneos;
				SWIFT_COMPILATION_MODE = wholemodule;
				SWIFT_OPTIMIZATION_LEVEL = "-O";
				VALIDATE_PRODUCT = YES;
			};
			name = Release;
		};
		E751664C29D0B41B003341FF /* Debug */ = {
			isa = XCBuildConfiguration;
			buildSettings = {
				ASSETCATALOG_COMPILER_APPICON_NAME = AppIcon;
				ASSETCATALOG_COMPILER_GLOBAL_ACCENT_COLOR_NAME = AccentColor;
				CODE_SIGN_STYLE = Automatic;
				CURRENT_PROJECT_VERSION = 1;
				DEVELOPMENT_ASSET_PATHS = "\"Mentors/Preview Content\"";
				DEVELOPMENT_TEAM = K79KHUW8KA;
				ENABLE_PREVIEWS = YES;
				GENERATE_INFOPLIST_FILE = YES;
				INFOPLIST_FILE = Mentors/Info.plist;
				INFOPLIST_KEY_UIApplicationSceneManifest_Generation = YES;
				INFOPLIST_KEY_UIApplicationSupportsIndirectInputEvents = YES;
				INFOPLIST_KEY_UILaunchStoryboardName = LaunchScreen.storyboard;
				INFOPLIST_KEY_UISupportedInterfaceOrientations = UIInterfaceOrientationPortrait;
				INFOPLIST_KEY_UISupportedInterfaceOrientations_iPad = "UIInterfaceOrientationLandscapeLeft UIInterfaceOrientationLandscapeRight UIInterfaceOrientationPortrait UIInterfaceOrientationPortraitUpsideDown";
				LD_RUNPATH_SEARCH_PATHS = (
					"$(inherited)",
					"@executable_path/Frameworks",
				);
				MARKETING_VERSION = 1.0;
				PRODUCT_BUNDLE_IDENTIFIER = com.example.Mentors;
				PRODUCT_NAME = "$(TARGET_NAME)";
				SWIFT_EMIT_LOC_STRINGS = YES;
				SWIFT_VERSION = 5.0;
				TARGETED_DEVICE_FAMILY = "1,2";
			};
			name = Debug;
		};
		E751664D29D0B41B003341FF /* Release */ = {
			isa = XCBuildConfiguration;
			buildSettings = {
				ASSETCATALOG_COMPILER_APPICON_NAME = AppIcon;
				ASSETCATALOG_COMPILER_GLOBAL_ACCENT_COLOR_NAME = AccentColor;
				CODE_SIGN_STYLE = Automatic;
				CURRENT_PROJECT_VERSION = 1;
				DEVELOPMENT_ASSET_PATHS = "\"Mentors/Preview Content\"";
				DEVELOPMENT_TEAM = K79KHUW8KA;
				ENABLE_PREVIEWS = YES;
				GENERATE_INFOPLIST_FILE = YES;
				INFOPLIST_FILE = Mentors/Info.plist;
				INFOPLIST_KEY_UIApplicationSceneManifest_Generation = YES;
				INFOPLIST_KEY_UIApplicationSupportsIndirectInputEvents = YES;
				INFOPLIST_KEY_UILaunchStoryboardName = LaunchScreen.storyboard;
				INFOPLIST_KEY_UISupportedInterfaceOrientations = UIInterfaceOrientationPortrait;
				INFOPLIST_KEY_UISupportedInterfaceOrientations_iPad = "UIInterfaceOrientationLandscapeLeft UIInterfaceOrientationLandscapeRight UIInterfaceOrientationPortrait UIInterfaceOrientationPortraitUpsideDown";
				LD_RUNPATH_SEARCH_PATHS = (
					"$(inherited)",
					"@executable_path/Frameworks",
				);
				MARKETING_VERSION = 1.0;
				PRODUCT_BUNDLE_IDENTIFIER = com.example.Mentors;
				PRODUCT_NAME = "$(TARGET_NAME)";
				SWIFT_EMIT_LOC_STRINGS = YES;
				SWIFT_VERSION = 5.0;
				TARGETED_DEVICE_FAMILY = "1,2";
			};
			name = Release;
		};
/* End XCBuildConfiguration section */

/* Begin XCConfigurationList section */
		E751663329D0B419003341FF /* Build configuration list for PBXProject "Mentors" */ = {
			isa = XCConfigurationList;
			buildConfigurations = (
				E751664929D0B41B003341FF /* Debug */,
				E751664A29D0B41B003341FF /* Release */,
			);
			defaultConfigurationIsVisible = 0;
			defaultConfigurationName = Release;
		};
		E751664B29D0B41B003341FF /* Build configuration list for PBXNativeTarget "Mentors" */ = {
			isa = XCConfigurationList;
			buildConfigurations = (
				E751664C29D0B41B003341FF /* Debug */,
				E751664D29D0B41B003341FF /* Release */,
			);
			defaultConfigurationIsVisible = 0;
			defaultConfigurationName = Release;
		};
/* End XCConfigurationList section */

/* Begin XCVersionGroup section */
		E751664629D0B41B003341FF /* Mentors.xcdatamodeld */ = {
			isa = XCVersionGroup;
			children = (
				E751664729D0B41B003341FF /* Mentors.xcdatamodel */,
			);
			currentVersion = E751664729D0B41B003341FF /* Mentors.xcdatamodel */;
			path = Mentors.xcdatamodeld;
			sourceTree = "<group>";
			versionGroupType = wrapper.xcdatamodel;
		};
/* End XCVersionGroup section */
	};
	rootObject = E751663029D0B419003341FF /* Project object */;
}
